
Microsoft Visual Studio Solution File, Format Version 12.00
# Visual Studio Version 16
VisualStudioVersion = 16.0.30907.101
MinimumVisualStudioVersion = 10.0.40219.1
Project("{FAE04EC0-301F-11D3-BF4B-00C04F79EFBC}") = "Bird Brain", "Bird Brain.csproj", "{D6BA0BCA-03E7-46C2-BB0B-72D3F1EEA5BA}"
EndProject
Global
	GlobalSection(SolutionConfigurationPlatforms) = preSolution
		Debug|Any CPU = Debug|Any CPU
		Release|Any CPU = Release|Any CPU
	EndGlobalSection
	GlobalSection(ProjectConfigurationPlatforms) = postSolution
		{D6BA0BCA-03E7-46C2-BB0B-72D3F1EEA5BA}.Debug|Any CPU.ActiveCfg = Debug|Any CPU
		{D6BA0BCA-03E7-46C2-BB0B-72D3F1EEA5BA}.Debug|Any CPU.Build.0 = Debug|Any CPU
		{D6BA0BCA-03E7-46C2-BB0B-72D3F1EEA5BA}.Release|Any CPU.ActiveCfg = Release|Any CPU
		{D6BA0BCA-03E7-46C2-BB0B-72D3F1EEA5BA}.Release|Any CPU.Build.0 = Release|Any CPU
	EndGlobalSection
	GlobalSection(SolutionProperties) = preSolution
		HideSolutionNode = FALSE
	EndGlobalSection
	GlobalSection(ExtensibilityGlobals) = postSolution
		SolutionGuid = {8BB5608E-DAFF-488E-8725-351CAC31AAB5}
	EndGlobalSection
EndGlobal
